// !$*UTF8*$!
{
	archiveVersion = 1;
	classes = {
	};
	objectVersion = 50;
	objects = {

/* Begin PBXBuildFile section */
		7722AE6724BC660E0073FEA1 /* AppDelegate.swift in Sources */ = {isa = PBXBuildFile; fileRef = 7722AE6624BC660E0073FEA1 /* AppDelegate.swift */; };
		7722AE6B24BC660E0073FEA1 /* ViewController.swift in Sources */ = {isa = PBXBuildFile; fileRef = 7722AE6A24BC660E0073FEA1 /* ViewController.swift */; };
		7722AE6E24BC660E0073FEA1 /* Main.storyboard in Resources */ = {isa = PBXBuildFile; fileRef = 7722AE6C24BC660E0073FEA1 /* Main.storyboard */; };
		7722AE7024BC66130073FEA1 /* Assets.xcassets in Resources */ = {isa = PBXBuildFile; fileRef = 7722AE6F24BC66130073FEA1 /* Assets.xcassets */; };
		7722AE7324BC66130073FEA1 /* LaunchScreen.storyboard in Resources */ = {isa = PBXBuildFile; fileRef = 7722AE7124BC66130073FEA1 /* LaunchScreen.storyboard */; };
		7722AE7E24BC66140073FEA1 /* BWPromptViewDemoTests.swift in Sources */ = {isa = PBXBuildFile; fileRef = 7722AE7D24BC66140073FEA1 /* BWPromptViewDemoTests.swift */; };
		7722AE8924BC66140073FEA1 /* BWPromptViewDemoUITests.swift in Sources */ = {isa = PBXBuildFile; fileRef = 7722AE8824BC66140073FEA1 /* BWPromptViewDemoUITests.swift */; };
		7722AE9724BC66A20073FEA1 /* TestVC.swift in Sources */ = {isa = PBXBuildFile; fileRef = 7722AE9624BC66A20073FEA1 /* TestVC.swift */; };
		7722AE9A24BC66D00073FEA1 /* BWPromptView.swift in Sources */ = {isa = PBXBuildFile; fileRef = 7722AE9924BC66D00073FEA1 /* BWPromptView.swift */; };
/* End PBXBuildFile section */

/* Begin PBXContainerItemProxy section */
		7722AE7A24BC66140073FEA1 /* PBXContainerItemProxy */ = {
			isa = PBXContainerItemProxy;
			containerPortal = 7722AE5B24BC660E0073FEA1 /* Project object */;
			proxyType = 1;
			remoteGlobalIDString = 7722AE6224BC660E0073FEA1;
			remoteInfo = BWPromptViewDemo;
		};
		7722AE8524BC66140073FEA1 /* PBXContainerItemProxy */ = {
			isa = PBXContainerItemProxy;
			containerPortal = 7722AE5B24BC660E0073FEA1 /* Project object */;
			proxyType = 1;
			remoteGlobalIDString = 7722AE6224BC660E0073FEA1;
			remoteInfo = BWPromptViewDemo;
		};
/* End PBXContainerItemProxy section */

/* Begin PBXFileReference section */
		7722AE6324BC660E0073FEA1 /* BWPromptViewDemo.app */ = {isa = PBXFileReference; explicitFileType = wrapper.application; includeInIndex = 0; path = BWPromptViewDemo.app; sourceTree = BUILT_PRODUCTS_DIR; };
		7722AE6624BC660E0073FEA1 /* AppDelegate.swift */ = {isa = PBXFileReference; lastKnownFileType = sourcecode.swift; path = AppDelegate.swift; sourceTree = "<group>"; };
		7722AE6A24BC660E0073FEA1 /* ViewController.swift */ = {isa = PBXFileReference; lastKnownFileType = sourcecode.swift; path = ViewController.swift; sourceTree = "<group>"; };
		7722AE6D24BC660E0073FEA1 /* Base */ = {isa = PBXFileReference; lastKnownFileType = file.storyboard; name = Base; path = Base.lproj/Main.storyboard; sourceTree = "<group>"; };
		7722AE6F24BC66130073FEA1 /* Assets.xcassets */ = {isa = PBXFileReference; lastKnownFileType = folder.assetcatalog; path = Assets.xcassets; sourceTree = "<group>"; };
		7722AE7224BC66130073FEA1 /* Base */ = {isa = PBXFileReference; lastKnownFileType = file.storyboard; name = Base; path = Base.lproj/LaunchScreen.storyboard; sourceTree = "<group>"; };
		7722AE7424BC66130073FEA1 /* Info.plist */ = {isa = PBXFileReference; lastKnownFileType = text.plist.xml; path = Info.plist; sourceTree = "<group>"; };
		7722AE7924BC66140073FEA1 /* BWPromptViewDemoTests.xctest */ = {isa = PBXFileReference; explicitFileType = wrapper.cfbundle; includeInIndex = 0; path = BWPromptViewDemoTests.xctest; sourceTree = BUILT_PRODUCTS_DIR; };
		7722AE7D24BC66140073FEA1 /* BWPromptViewDemoTests.swift */ = {isa = PBXFileReference; lastKnownFileType = sourcecode.swift; path = BWPromptViewDemoTests.swift; sourceTree = "<group>"; };
		7722AE7F24BC66140073FEA1 /* Info.plist */ = {isa = PBXFileReference; lastKnownFileType = text.plist.xml; path = Info.plist; sourceTree = "<group>"; };
		7722AE8424BC66140073FEA1 /* BWPromptViewDemoUITests.xctest */ = {isa = PBXFileReference; explicitFileType = wrapper.cfbundle; includeInIndex = 0; path = BWPromptViewDemoUITests.xctest; sourceTree = BUILT_PRODUCTS_DIR; };
		7722AE8824BC66140073FEA1 /* BWPromptViewDemoUITests.swift */ = {isa = PBXFileReference; lastKnownFileType = sourcecode.swift; path = BWPromptViewDemoUITests.swift; sourceTree = "<group>"; };
		7722AE8A24BC66140073FEA1 /* Info.plist */ = {isa = PBXFileReference; lastKnownFileType = text.plist.xml; path = Info.plist; sourceTree = "<group>"; };
		7722AE9624BC66A20073FEA1 /* TestVC.swift */ = {isa = PBXFileReference; fileEncoding = 4; lastKnownFileType = sourcecode.swift; path = TestVC.swift; sourceTree = "<group>"; };
		7722AE9924BC66D00073FEA1 /* BWPromptView.swift */ = {isa = PBXFileReference; fileEncoding = 4; lastKnownFileType = sourcecode.swift; path = BWPromptView.swift; sourceTree = "<group>"; };
/* End PBXFileReference section */

/* Begin PBXFrameworksBuildPhase section */
		7722AE6024BC660E0073FEA1 /* Frameworks */ = {
			isa = PBXFrameworksBuildPhase;
			buildActionMask = 2147483647;
			files = (
			);
			runOnlyForDeploymentPostprocessing = 0;
		};
		7722AE7624BC66140073FEA1 /* Frameworks */ = {
			isa = PBXFrameworksBuildPhase;
			buildActionMask = 2147483647;
			files = (
			);
			runOnlyForDeploymentPostprocessing = 0;
		};
		7722AE8124BC66140073FEA1 /* Frameworks */ = {
			isa = PBXFrameworksBuildPhase;
			buildActionMask = 2147483647;
			files = (
			);
			runOnlyForDeploymentPostprocessing = 0;
		};
/* End PBXFrameworksBuildPhase section */

/* Begin PBXGroup section */
		7722AE5A24BC660E0073FEA1 = {
			isa = PBXGroup;
			children = (
				7722AE6524BC660E0073FEA1 /* BWPromptViewDemo */,
				7722AE7C24BC66140073FEA1 /* BWPromptViewDemoTests */,
				7722AE8724BC66140073FEA1 /* BWPromptViewDemoUITests */,
				7722AE6424BC660E0073FEA1 /* Products */,
			);
			sourceTree = "<group>";
		};
		7722AE6424BC660E0073FEA1 /* Products */ = {
			isa = PBXGroup;
			children = (
				7722AE6324BC660E0073FEA1 /* BWPromptViewDemo.app */,
				7722AE7924BC66140073FEA1 /* BWPromptViewDemoTests.xctest */,
				7722AE8424BC66140073FEA1 /* BWPromptViewDemoUITests.xctest */,
			);
			name = Products;
			sourceTree = "<group>";
		};
		7722AE6524BC660E0073FEA1 /* BWPromptViewDemo */ = {
			isa = PBXGroup;
			children = (
				7722AE9824BC66D00073FEA1 /* BWPromptView */,
				7722AE9624BC66A20073FEA1 /* TestVC.swift */,
				7722AE6624BC660E0073FEA1 /* AppDelegate.swift */,
				7722AE6A24BC660E0073FEA1 /* ViewController.swift */,
				7722AE6C24BC660E0073FEA1 /* Main.storyboard */,
				7722AE6F24BC66130073FEA1 /* Assets.xcassets */,
				7722AE7124BC66130073FEA1 /* LaunchScreen.storyboard */,
				7722AE7424BC66130073FEA1 /* Info.plist */,
			);
			path = BWPromptViewDemo;
			sourceTree = "<group>";
		};
		7722AE7C24BC66140073FEA1 /* BWPromptViewDemoTests */ = {
			isa = PBXGroup;
			children = (
				7722AE7D24BC66140073FEA1 /* BWPromptViewDemoTests.swift */,
				7722AE7F24BC66140073FEA1 /* Info.plist */,
			);
			path = BWPromptViewDemoTests;
			sourceTree = "<group>";
		};
		7722AE8724BC66140073FEA1 /* BWPromptViewDemoUITests */ = {
			isa = PBXGroup;
			children = (
				7722AE8824BC66140073FEA1 /* BWPromptViewDemoUITests.swift */,
				7722AE8A24BC66140073FEA1 /* Info.plist */,
			);
			path = BWPromptViewDemoUITests;
			sourceTree = "<group>";
		};
		7722AE9824BC66D00073FEA1 /* BWPromptView */ = {
			isa = PBXGroup;
			children = (
				7722AE9924BC66D00073FEA1 /* BWPromptView.swift */,
			);
			path = BWPromptView;
			sourceTree = "<group>";
		};
/* End PBXGroup section */

/* Begin PBXNativeTarget section */
		7722AE6224BC660E0073FEA1 /* BWPromptViewDemo */ = {
			isa = PBXNativeTarget;
			buildConfigurationList = 7722AE8D24BC66140073FEA1 /* Build configuration list for PBXNativeTarget "BWPromptViewDemo" */;
			buildPhases = (
				7722AE5F24BC660E0073FEA1 /* Sources */,
				7722AE6024BC660E0073FEA1 /* Frameworks */,
				7722AE6124BC660E0073FEA1 /* Resources */,
			);
			buildRules = (
			);
			dependencies = (
			);
			name = BWPromptViewDemo;
			productName = BWPromptViewDemo;
			productReference = 7722AE6324BC660E0073FEA1 /* BWPromptViewDemo.app */;
			productType = "com.apple.product-type.application";
		};
		7722AE7824BC66140073FEA1 /* BWPromptViewDemoTests */ = {
			isa = PBXNativeTarget;
			buildConfigurationList = 7722AE9024BC66140073FEA1 /* Build configuration list for PBXNativeTarget "BWPromptViewDemoTests" */;
			buildPhases = (
				7722AE7524BC66140073FEA1 /* Sources */,
				7722AE7624BC66140073FEA1 /* Frameworks */,
				7722AE7724BC66140073FEA1 /* Resources */,
			);
			buildRules = (
			);
			dependencies = (
				7722AE7B24BC66140073FEA1 /* PBXTargetDependency */,
			);
			name = BWPromptViewDemoTests;
			productName = BWPromptViewDemoTests;
			productReference = 7722AE7924BC66140073FEA1 /* BWPromptViewDemoTests.xctest */;
			productType = "com.apple.product-type.bundle.unit-test";
		};
		7722AE8324BC66140073FEA1 /* BWPromptViewDemoUITests */ = {
			isa = PBXNativeTarget;
			buildConfigurationList = 7722AE9324BC66140073FEA1 /* Build configuration list for PBXNativeTarget "BWPromptViewDemoUITests" */;
			buildPhases = (
				7722AE8024BC66140073FEA1 /* Sources */,
				7722AE8124BC66140073FEA1 /* Frameworks */,
				7722AE8224BC66140073FEA1 /* Resources */,
			);
			buildRules = (
			);
			dependencies = (
				7722AE8624BC66140073FEA1 /* PBXTargetDependency */,
			);
			name = BWPromptViewDemoUITests;
			productName = BWPromptViewDemoUITests;
			productReference = 7722AE8424BC66140073FEA1 /* BWPromptViewDemoUITests.xctest */;
			productType = "com.apple.product-type.bundle.ui-testing";
		};
/* End PBXNativeTarget section */

/* Begin PBXProject section */
		7722AE5B24BC660E0073FEA1 /* Project object */ = {
			isa = PBXProject;
			attributes = {
				LastSwiftUpdateCheck = 1140;
				LastUpgradeCheck = 1140;
				ORGANIZATIONNAME = BigWhite;
				TargetAttributes = {
					7722AE6224BC660E0073FEA1 = {
						CreatedOnToolsVersion = 11.4.1;
					};
					7722AE7824BC66140073FEA1 = {
						CreatedOnToolsVersion = 11.4.1;
						TestTargetID = 7722AE6224BC660E0073FEA1;
					};
					7722AE8324BC66140073FEA1 = {
						CreatedOnToolsVersion = 11.4.1;
						TestTargetID = 7722AE6224BC660E0073FEA1;
					};
				};
			};
			buildConfigurationList = 7722AE5E24BC660E0073FEA1 /* Build configuration list for PBXProject "BWPromptViewDemo" */;
			compatibilityVersion = "Xcode 9.3";
			developmentRegion = en;
			hasScannedForEncodings = 0;
			knownRegions = (
				en,
				Base,
			);
			mainGroup = 7722AE5A24BC660E0073FEA1;
			productRefGroup = 7722AE6424BC660E0073FEA1 /* Products */;
			projectDirPath = "";
			projectRoot = "";
			targets = (
				7722AE6224BC660E0073FEA1 /* BWPromptViewDemo */,
				7722AE7824BC66140073FEA1 /* BWPromptViewDemoTests */,
				7722AE8324BC66140073FEA1 /* BWPromptViewDemoUITests */,
			);
		};
/* End PBXProject section */

/* Begin PBXResourcesBuildPhase section */
		7722AE6124BC660E0073FEA1 /* Resources */ = {
			isa = PBXResourcesBuildPhase;
			buildActionMask = 2147483647;
			files = (
				7722AE7324BC66130073FEA1 /* LaunchScreen.storyboard in Resources */,
				7722AE7024BC66130073FEA1 /* Assets.xcassets in Resources */,
				7722AE6E24BC660E0073FEA1 /* Main.storyboard in Resources */,
			);
			runOnlyForDeploymentPostprocessing = 0;
		};
		7722AE7724BC66140073FEA1 /* Resources */ = {
			isa = PBXResourcesBuildPhase;
			buildActionMask = 2147483647;
			files = (
			);
			runOnlyForDeploymentPostprocessing = 0;
		};
		7722AE8224BC66140073FEA1 /* Resources */ = {
			isa = PBXResourcesBuildPhase;
			buildActionMask = 2147483647;
			files = (
			);
			runOnlyForDeploymentPostprocessing = 0;
		};
/* End PBXResourcesBuildPhase section */

/* Begin PBXSourcesBuildPhase section */
		7722AE5F24BC660E0073FEA1 /* Sources */ = {
			isa = PBXSourcesBuildPhase;
			buildActionMask = 2147483647;
			files = (
				7722AE6B24BC660E0073FEA1 /* ViewController.swift in Sources */,
				7722AE9724BC66A20073FEA1 /* TestVC.swift in Sources */,
				7722AE6724BC660E0073FEA1 /* AppDelegate.swift in Sources */,
				7722AE9A24BC66D00073FEA1 /* BWPromptView.swift in Sources */,
			);
			runOnlyForDeploymentPostprocessing = 0;
		};
		7722AE7524BC66140073FEA1 /* Sources */ = {
			isa = PBXSourcesBuildPhase;
			buildActionMask = 2147483647;
			files = (
				7722AE7E24BC66140073FEA1 /* BWPromptViewDemoTests.swift in Sources */,
			);
			runOnlyForDeploymentPostprocessing = 0;
		};
		7722AE8024BC66140073FEA1 /* Sources */ = {
			isa = PBXSourcesBuildPhase;
			buildActionMask = 2147483647;
			files = (
				7722AE8924BC66140073FEA1 /* BWPromptViewDemoUITests.swift in Sources */,
			);
			runOnlyForDeploymentPostprocessing = 0;
		};
/* End PBXSourcesBuildPhase section */

/* Begin PBXTargetDependency section */
		7722AE7B24BC66140073FEA1 /* PBXTargetDependency */ = {
			isa = PBXTargetDependency;
			target = 7722AE6224BC660E0073FEA1 /* BWPromptViewDemo */;
			targetProxy = 7722AE7A24BC66140073FEA1 /* PBXContainerItemProxy */;
		};
		7722AE8624BC66140073FEA1 /* PBXTargetDependency */ = {
			isa = PBXTargetDependency;
			target = 7722AE6224BC660E0073FEA1 /* BWPromptViewDemo */;
			targetProxy = 7722AE8524BC66140073FEA1 /* PBXContainerItemProxy */;
		};
/* End PBXTargetDependency section */

/* Begin PBXVariantGroup section */
		7722AE6C24BC660E0073FEA1 /* Main.storyboard */ = {
			isa = PBXVariantGroup;
			children = (
				7722AE6D24BC660E0073FEA1 /* Base */,
			);
			name = Main.storyboard;
			sourceTree = "<group>";
		};
		7722AE7124BC66130073FEA1 /* LaunchScreen.storyboard */ = {
			isa = PBXVariantGroup;
			children = (
				7722AE7224BC66130073FEA1 /* Base */,
			);
			name = LaunchScreen.storyboard;
			sourceTree = "<group>";
		};
/* End PBXVariantGroup section */

/* Begin XCBuildConfiguration section */
		7722AE8B24BC66140073FEA1 /* Debug */ = {
			isa = XCBuildConfiguration;
			buildSettings = {
				ALWAYS_SEARCH_USER_PATHS = NO;
				CLANG_ANALYZER_NONNULL = YES;
				CLANG_ANALYZER_NUMBER_OBJECT_CONVERSION = YES_AGGRESSIVE;
				CLANG_CXX_LANGUAGE_STANDARD = "gnu++14";
				CLANG_CXX_LIBRARY = "libc++";
				CLANG_ENABLE_MODULES = YES;
				CLANG_ENABLE_OBJC_ARC = YES;
				CLANG_ENABLE_OBJC_WEAK = YES;
				CLANG_WARN_BLOCK_CAPTURE_AUTORELEASING = YES;
				CLANG_WARN_BOOL_CONVERSION = YES;
				CLANG_WARN_COMMA = YES;
				CLANG_WARN_CONSTANT_CONVERSION = YES;
				CLANG_WARN_DEPRECATED_OBJC_IMPLEMENTATIONS = YES;
				CLANG_WARN_DIRECT_OBJC_ISA_USAGE = YES_ERROR;
				CLANG_WARN_DOCUMENTATION_COMMENTS = YES;
				CLANG_WARN_EMPTY_BODY = YES;
				CLANG_WARN_ENUM_CONVERSION = YES;
				CLANG_WARN_INFINITE_RECURSION = YES;
				CLANG_WARN_INT_CONVERSION = YES;
				CLANG_WARN_NON_LITERAL_NULL_CONVERSION = YES;
				CLANG_WARN_OBJC_IMPLICIT_RETAIN_SELF = YES;
				CLANG_WARN_OBJC_LITERAL_CONVERSION = YES;
				CLANG_WARN_OBJC_ROOT_CLASS = YES_ERROR;
				CLANG_WARN_RANGE_LOOP_ANALYSIS = YES;
				CLANG_WARN_STRICT_PROTOTYPES = YES;
				CLANG_WARN_SUSPICIOUS_MOVE = YES;
				CLANG_WARN_UNGUARDED_AVAILABILITY = YES_AGGRESSIVE;
				CLANG_WARN_UNREACHABLE_CODE = YES;
				CLANG_WARN__DUPLICATE_METHOD_MATCH = YES;
				COPY_PHASE_STRIP = NO;
				DEBUG_INFORMATION_FORMAT = dwarf;
				ENABLE_STRICT_OBJC_MSGSEND = YES;
				ENABLE_TESTABILITY = YES;
				GCC_C_LANGUAGE_STANDARD = gnu11;
				GCC_DYNAMIC_NO_PIC = NO;
				GCC_NO_COMMON_BLOCKS = YES;
				GCC_OPTIMIZATION_LEVEL = 0;
				GCC_PREPROCESSOR_DEFINITIONS = (
					"DEBUG=1",
					"$(inherited)",
				);
				GCC_WARN_64_TO_32_BIT_CONVERSION = YES;
				GCC_WARN_ABOUT_RETURN_TYPE = YES_ERROR;
				GCC_WARN_UNDECLARED_SELECTOR = YES;
				GCC_WARN_UNINITIALIZED_AUTOS = YES_AGGRESSIVE;
				GCC_WARN_UNUSED_FUNCTION = YES;
				GCC_WARN_UNUSED_VARIABLE = YES;
				IPHONEOS_DEPLOYMENT_TARGET = 13.4;
				MTL_ENABLE_DEBUG_INFO = INCLUDE_SOURCE;
				MTL_FAST_MATH = YES;
				ONLY_ACTIVE_ARCH = YES;
				SDKROOT = iphoneos;
				SWIFT_ACTIVE_COMPILATION_CONDITIONS = DEBUG;
				SWIFT_OPTIMIZATION_LEVEL = "-Onone";
			};
			name = Debug;
		};
		7722AE8C24BC66140073FEA1 /* Release */ = {
			isa = XCBuildConfiguration;
			buildSettings = {
				ALWAYS_SEARCH_USER_PATHS = NO;
				CLANG_ANALYZER_NONNULL = YES;
				CLANG_ANALYZER_NUMBER_OBJECT_CONVERSION = YES_AGGRESSIVE;
				CLANG_CXX_LANGUAGE_STANDARD = "gnu++14";
				CLANG_CXX_LIBRARY = "libc++";
				CLANG_ENABLE_MODULES = YES;
				CLANG_ENABLE_OBJC_ARC = YES;
				CLANG_ENABLE_OBJC_WEAK = YES;
				CLANG_WARN_BLOCK_CAPTURE_AUTORELEASING = YES;
				CLANG_WARN_BOOL_CONVERSION = YES;
				CLANG_WARN_COMMA = YES;
				CLANG_WARN_CONSTANT_CONVERSION = YES;
				CLANG_WARN_DEPRECATED_OBJC_IMPLEMENTATIONS = YES;
				CLANG_WARN_DIRECT_OBJC_ISA_USAGE = YES_ERROR;
				CLANG_WARN_DOCUMENTATION_COMMENTS = YES;
				CLANG_WARN_EMPTY_BODY = YES;
				CLANG_WARN_ENUM_CONVERSION = YES;
				CLANG_WARN_INFINITE_RECURSION = YES;
				CLANG_WARN_INT_CONVERSION = YES;
				CLANG_WARN_NON_LITERAL_NULL_CONVERSION = YES;
				CLANG_WARN_OBJC_IMPLICIT_RETAIN_SELF = YES;
				CLANG_WARN_OBJC_LITERAL_CONVERSION = YES;
				CLANG_WARN_OBJC_ROOT_CLASS = YES_ERROR;
				CLANG_WARN_RANGE_LOOP_ANALYSIS = YES;
				CLANG_WARN_STRICT_PROTOTYPES = YES;
				CLANG_WARN_SUSPICIOUS_MOVE = YES;
				CLANG_WARN_UNGUARDED_AVAILABILITY = YES_AGGRESSIVE;
				CLANG_WARN_UNREACHABLE_CODE = YES;
				CLANG_WARN__DUPLICATE_METHOD_MATCH = YES;
				COPY_PHASE_STRIP = NO;
				DEBUG_INFORMATION_FORMAT = "dwarf-with-dsym";
				ENABLE_NS_ASSERTIONS = NO;
				ENABLE_STRICT_OBJC_MSGSEND = YES;
				GCC_C_LANGUAGE_STANDARD = gnu11;
				GCC_NO_COMMON_BLOCKS = YES;
				GCC_WARN_64_TO_32_BIT_CONVERSION = YES;
				GCC_WARN_ABOUT_RETURN_TYPE = YES_ERROR;
				GCC_WARN_UNDECLARED_SELECTOR = YES;
				GCC_WARN_UNINITIALIZED_AUTOS = YES_AGGRESSIVE;
				GCC_WARN_UNUSED_FUNCTION = YES;
				GCC_WARN_UNUSED_VARIABLE = YES;
				IPHONEOS_DEPLOYMENT_TARGET = 13.4;
				MTL_ENABLE_DEBUG_INFO = NO;
				MTL_FAST_MATH = YES;
				SDKROOT = iphoneos;
				SWIFT_COMPILATION_MODE = wholemodule;
				SWIFT_OPTIMIZATION_LEVEL = "-O";
				VALIDATE_PRODUCT = YES;
			};
			name = Release;
		};
		7722AE8E24BC66140073FEA1 /* Debug */ = {
			isa = XCBuildConfiguration;
			buildSettings = {
				ASSETCATALOG_COMPILER_APPICON_NAME = AppIcon;
				CODE_SIGN_STYLE = Automatic;
				DEVELOPMENT_TEAM = 3F369RE58Z;
				INFOPLIST_FILE = BWPromptViewDemo/Info.plist;
				IPHONEOS_DEPLOYMENT_TARGET = 12.0;
				LD_RUNPATH_SEARCH_PATHS = (
					"$(inherited)",
					"@executable_path/Frameworks",
				);
				PRODUCT_BUNDLE_IDENTIFIER = com.BWPromptViewDemo;
				PRODUCT_NAME = "$(TARGET_NAME)";
				SWIFT_VERSION = 5.0;
				TARGETED_DEVICE_FAMILY = "1,2";
			};
			name = Debug;
		};
		7722AE8F24BC66140073FEA1 /* Release */ = {
			isa = XCBuildConfiguration;
			buildSettings = {
				ASSETCATALOG_COMPILER_APPICON_NAME = AppIcon;
				CODE_SIGN_STYLE = Automatic;
				DEVELOPMENT_TEAM = 3F369RE58Z;
				INFOPLIST_FILE = BWPromptViewDemo/Info.plist;
				IPHONEOS_DEPLOYMENT_TARGET = 12.0;
				LD_RUNPATH_SEARCH_PATHS = (
					"$(inherited)",
					"@executable_path/Frameworks",
				);
				PRODUCT_BUNDLE_IDENTIFIER = com.BWPromptViewDemo;
				PRODUCT_NAME = "$(TARGET_NAME)";
				SWIFT_VERSION = 5.0;
				TARGETED_DEVICE_FAMILY = "1,2";
			};
			name = Release;
		};
		7722AE9124BC66140073FEA1 /* Debug */ = {
			isa = XCBuildConfiguration;
			buildSettings = {
				ALWAYS_EMBED_SWIFT_STANDARD_LIBRARIES = YES;
				BUNDLE_LOADER = "$(TEST_HOST)";
				CODE_SIGN_STYLE = Automatic;
				DEVELOPMENT_TEAM = 3F369RE58Z;
				INFOPLIST_FILE = BWPromptViewDemoTests/Info.plist;
				IPHONEOS_DEPLOYMENT_TARGET = 13.4;
				LD_RUNPATH_SEARCH_PATHS = (
					"$(inherited)",
					"@executable_path/Frameworks",
					"@loader_path/Frameworks",
				);
				PRODUCT_BUNDLE_IDENTIFIER = com.BWPromptViewDemoTests;
				PRODUCT_NAME = "$(TARGET_NAME)";
				SWIFT_VERSION = 5.0;
				TARGETED_DEVICE_FAMILY = "1,2";
				TEST_HOST = "$(BUILT_PRODUCTS_DIR)/BWPromptViewDemo.app/BWPromptViewDemo";
			};
			name = Debug;
		};
		7722AE9224BC66140073FEA1 /* Release */ = {
			isa = XCBuildConfiguration;
			buildSettings = {
				ALWAYS_EMBED_SWIFT_STANDARD_LIBRARIES = YES;
				BUNDLE_LOADER = "$(TEST_HOST)";
				CODE_SIGN_STYLE = Automatic;
				DEVELOPMENT_TEAM = 3F369RE58Z;
				INFOPLIST_FILE = BWPromptViewDemoTests/Info.plist;
				IPHONEOS_DEPLOYMENT_TARGET = 13.4;
				LD_RUNPATH_SEARCH_PATHS = (
					"$(inherited)",
					"@executable_path/Frameworks",
					"@loader_path/Frameworks",
				);
				PRODUCT_BUNDLE_IDENTIFIER = com.BWPromptViewDemoTests;
				PRODUCT_NAME = "$(TARGET_NAME)";
				SWIFT_VERSION = 5.0;
				TARGETED_DEVICE_FAMILY = "1,2";
				TEST_HOST = "$(BUILT_PRODUCTS_DIR)/BWPromptViewDemo.app/BWPromptViewDemo";
			};
			name = Release;
		};
		7722AE9424BC66140073FEA1 /* Debug */ = {
			isa = XCBuildConfiguration;
			buildSettings = {
				ALWAYS_EMBED_SWIFT_STANDARD_LIBRARIES = YES;
				CODE_SIGN_STYLE = Automatic;
				DEVELOPMENT_TEAM = 3F369RE58Z;
				INFOPLIST_FILE = BWPromptViewDemoUITests/Info.plist;
				LD_RUNPATH_SEARCH_PATHS = (
					"$(inherited)",
					"@executable_path/Frameworks",
					"@loader_path/Frameworks",
				);
				PRODUCT_BUNDLE_IDENTIFIER = com.BWPromptViewDemoUITests;
				PRODUCT_NAME = "$(TARGET_NAME)";
				SWIFT_VERSION = 5.0;
				TARGETED_DEVICE_FAMILY = "1,2";
				TEST_TARGET_NAME = BWPromptViewDemo;
			};
			name = Debug;
		};
		7722AE9524BC66140073FEA1 /* Release */ = {
			isa = XCBuildConfiguration;
			buildSettings = {
				ALWAYS_EMBED_SWIFT_STANDARD_LIBRARIES = YES;
				CODE_SIGN_STYLE = Automatic;
				DEVELOPMENT_TEAM = 3F369RE58Z;
				INFOPLIST_FILE = BWPromptViewDemoUITests/Info.plist;
				LD_RUNPATH_SEARCH_PATHS = (
					"$(inherited)",
					"@executable_path/Frameworks",
					"@loader_path/Frameworks",
				);
				PRODUCT_BUNDLE_IDENTIFIER = com.BWPromptViewDemoUITests;
				PRODUCT_NAME = "$(TARGET_NAME)";
				SWIFT_VERSION = 5.0;
				TARGETED_DEVICE_FAMILY = "1,2";
				TEST_TARGET_NAME = BWPromptViewDemo;
			};
			name = Release;
		};
/* End XCBuildConfiguration section */

/* Begin XCConfigurationList section */
		7722AE5E24BC660E0073FEA1 /* Build configuration list for PBXProject "BWPromptViewDemo" */ = {
			isa = XCConfigurationList;
			buildConfigurations = (
				7722AE8B24BC66140073FEA1 /* Debug */,
				7722AE8C24BC66140073FEA1 /* Release */,
			);
			defaultConfigurationIsVisible = 0;
			defaultConfigurationName = Release;
		};
		7722AE8D24BC66140073FEA1 /* Build configuration list for PBXNativeTarget "BWPromptViewDemo" */ = {
			isa = XCConfigurationList;
			buildConfigurations = (
				7722AE8E24BC66140073FEA1 /* Debug */,
				7722AE8F24BC66140073FEA1 /* Release */,
			);
			defaultConfigurationIsVisible = 0;
			defaultConfigurationName = Release;
		};
		7722AE9024BC66140073FEA1 /* Build configuration list for PBXNativeTarget "BWPromptViewDemoTests" */ = {
			isa = XCConfigurationList;
			buildConfigurations = (
				7722AE9124BC66140073FEA1 /* Debug */,
				7722AE9224BC66140073FEA1 /* Release */,
			);
			defaultConfigurationIsVisible = 0;
			defaultConfigurationName = Release;
		};
		7722AE9324BC66140073FEA1 /* Build configuration list for PBXNativeTarget "BWPromptViewDemoUITests" */ = {
			isa = XCConfigurationList;
			buildConfigurations = (
				7722AE9424BC66140073FEA1 /* Debug */,
				7722AE9524BC66140073FEA1 /* Release */,
			);
			defaultConfigurationIsVisible = 0;
			defaultConfigurationName = Release;
		};
/* End XCConfigurationList section */
	};
	rootObject = 7722AE5B24BC660E0073FEA1 /* Project object */;
}
